# Generated by buf. DO NOT EDIT.
version: v1
deps:
  - remote: buf.build
    owner: googleapis
    repository: googleapis
    branch: main
    commit: 4e56a86cfb6d49979b4d4e8e9ca1196a
    digest: b1-FuLMZfjRRIyCQDD6bVyCjsd0j4nd0d3lvxkJLVLLRgU=
    create_time: 2021-08-21T15:06:13.063689Z
  - remote: buf.build
    owner: grpc-ecosystem
    repository: grpc-gateway
    branch: main
    commit: d1922677830c448eb65ec590f3abc734
    digest: b1-zmmsl0XlsSF4_BhZe7w9NMdImBCRtMSn68rmn9H1faQ=
    create_time: 2021-08-17T02:45:07.151993Z
